// !$*UTF8*$!
{
	archiveVersion = 1;
	classes = {
	};
	objectVersion = 46;
	objects = {
/* Begin PBXBuildFile section */
		0207DA581B56EA530066E2B4 /* Images.xcassets in Resources */ = {isa = PBXBuildFile; fileRef = 0207DA571B56EA530066E2B4 /* Images.xcassets */; };
		1D3623260D0F684500981E51 /* AppDelegate.m in Sources */ = {isa = PBXBuildFile; fileRef = 1D3623250D0F684500981E51 /* AppDelegate.m */; };
		1D60589B0D05DD56006BFB54 /* main.m in Sources */ = {isa = PBXBuildFile; fileRef = 29B97316FDCFA39411CA2CEA /* main.m */; };
		301BF552109A68D80062928A /* libCordova.a in Frameworks */ = {isa = PBXBuildFile; fileRef = 301BF535109A57CC0062928A /* libCordova.a */; };
		302D95F114D2391D003F00A1 /* MainViewController.m in Sources */ = {isa = PBXBuildFile; fileRef = 302D95EF14D2391D003F00A1 /* MainViewController.m */; };
		302D95F214D2391D003F00A1 /* MainViewController.xib in Resources */ = {isa = PBXBuildFile; fileRef = 302D95F014D2391D003F00A1 /* MainViewController.xib */; };
		3047A5121AB8059700498E2A /* build-debug.xcconfig in Resources */ = {isa = PBXBuildFile; fileRef = 3047A50F1AB8059700498E2A /* build-debug.xcconfig */; };
		3047A5131AB8059700498E2A /* build-release.xcconfig in Resources */ = {isa = PBXBuildFile; fileRef = 3047A5101AB8059700498E2A /* build-release.xcconfig */; };
		3047A5141AB8059700498E2A /* build.xcconfig in Resources */ = {isa = PBXBuildFile; fileRef = 3047A5111AB8059700498E2A /* build.xcconfig */; };
		4AEC3DD7866B40308D161157 /* CDVBattery.m in Sources */ = {isa = PBXBuildFile; fileRef = FA77C3E0213F46969C46D124 /* CDVBattery.m */; };
		6427B3CD829B4B429F427505 /* UIImage+CropScaleOrientation.m in Sources */ = {isa = PBXBuildFile; fileRef = 5EAC9B36C61C44C4840944C5 /* UIImage+CropScaleOrientation.m */; };
		E50E262CBBCA4A1EB7DDFAC6 /* CDVCamera.m in Sources */ = {isa = PBXBuildFile; fileRef = 891FBB2B6A9246B9B66160BF /* CDVCamera.m */; };
		E967BC1E23AF4C8CBA77014E /* CDVJpegHeaderWriter.m in Sources */ = {isa = PBXBuildFile; fileRef = F49408DF11F340A080AD4995 /* CDVJpegHeaderWriter.m */; };
		AB7DD53E0C4247A6A83673DE /* ImageIO.framework in Frameworks */ = {isa = PBXBuildFile; fileRef = F8DA31B4ED774E42834AA289 /* ImageIO.framework */; settings = {ATTRIBUTES = (Weak, ); }; };
		D2A3FC9027D64BC89BE001F8 /* CoreLocation.framework in Frameworks */ = {isa = PBXBuildFile; fileRef = 9560A48AE479446ABB133C34 /* CoreLocation.framework */; };
		014EED0E5F794CE2A423B032 /* AVFoundation.framework in Frameworks */ = {isa = PBXBuildFile; fileRef = 915C932C86DC442B995CA9A2 /* AVFoundation.framework */; };
		E4707FC6F4354F96ADD8CB88 /* CDVLogger.m in Sources */ = {isa = PBXBuildFile; fileRef = 98FBAB40312F4880A12693DB /* CDVLogger.m */; };
		960E0319C1674CF98C34D2D4 /* CDVContacts.m in Sources */ = {isa = PBXBuildFile; fileRef = F27470B40F404AC0AB88FBB7 /* CDVContacts.m */; };
		5F49AF029E534587974AAFF5 /* CDVContact.m in Sources */ = {isa = PBXBuildFile; fileRef = 08862BF8B077421C8F7DCD2E /* CDVContact.m */; };
		F53082842BD940AC9031927A /* AddressBook.framework in Frameworks */ = {isa = PBXBuildFile; fileRef = 801DFCFB39074861B1F82199 /* AddressBook.framework */; settings = {ATTRIBUTES = (Weak, ); }; };
		4844C24AD0C94E189242732C /* AddressBookUI.framework in Frameworks */ = {isa = PBXBuildFile; fileRef = EF7B433F90AD463680BB9195 /* AddressBookUI.framework */; settings = {ATTRIBUTES = (Weak, ); }; };
		933F2B7BA4FE4EF68C40EA52 /* CDVDevice.m in Sources */ = {isa = PBXBuildFile; fileRef = 9B008A0349DC416A836471BE /* CDVDevice.m */; };
		D25F7EAF1D73451D84D5CE79 /* CDVAccelerometer.m in Sources */ = {isa = PBXBuildFile; fileRef = 2E6820474F1D44928454F898 /* CDVAccelerometer.m */; };
		0D0DA5D5169B473BA3C950F9 /* CoreMotion.framework in Frameworks */ = {isa = PBXBuildFile; fileRef = 68BEAAD6324143B0AC0A2CAA /* CoreMotion.framework */; };
		117E5B27C3294BF7918CA98F /* CDVCompass.m in Sources */ = {isa = PBXBuildFile; fileRef = B860CB5150094668B13067E8 /* CDVCompass.m */; };
		BF05E37D8CA04A33A505A718 /* CDVNotification.m in Sources */ = {isa = PBXBuildFile; fileRef = 08BB7AA8720C43A48FB572B4 /* CDVNotification.m */; };
		05DEB3A37E8047CFB179B719 /* CDVNotification.bundle in Resources */ = {isa = PBXBuildFile; fileRef = A1F74017B72F4514BF25D299 /* CDVNotification.bundle */; };
		38C2C33EC5A5436FA86764AF /* AudioToolbox.framework in Frameworks */ = {isa = PBXBuildFile; fileRef = C07C2FFC30A343B9A69109A1 /* AudioToolbox.framework */; settings = {ATTRIBUTES = (Weak, ); }; };
		B6E4FEADDC7C4F318C7CE465 /* CDVFile.m in Sources */ = {isa = PBXBuildFile; fileRef = DEEF461E085E420EB7F1A749 /* CDVFile.m */; };
		13C952FBD272425BA8A5D75B /* CDVLocalFilesystem.m in Sources */ = {isa = PBXBuildFile; fileRef = F3404A8704BC4421A6A1CDB3 /* CDVLocalFilesystem.m */; };
		2C94B9BE4F534D66A5C72AE5 /* CDVAssetLibraryFilesystem.m in Sources */ = {isa = PBXBuildFile; fileRef = 89EDC393FD974ABFB895924F /* CDVAssetLibraryFilesystem.m */; };
		15D1FFA91B0844E392F95A36 /* CDVFileTransfer.m in Sources */ = {isa = PBXBuildFile; fileRef = A5C8FA53DE4A4446AF8D6287 /* CDVFileTransfer.m */; };
		01581E63B40342C794207338 /* CDVLocation.m in Sources */ = {isa = PBXBuildFile; fileRef = 54A23B0B3A76451ABA074DA7 /* CDVLocation.m */; };
		A03BE24C1B21498FA40728DD /* CDVGlobalization.m in Sources */ = {isa = PBXBuildFile; fileRef = 7C2BB855585F411CA411D083 /* CDVGlobalization.m */; };
		7567DBDF19D0463787CCA2EB /* CDVInAppBrowser.m in Sources */ = {isa = PBXBuildFile; fileRef = 5494AF5241214C6787A81C7B /* CDVInAppBrowser.m */; };
		406BBD3130BD410E89509A0E /* CDVSound.m in Sources */ = {isa = PBXBuildFile; fileRef = E03E364A70F149D2AC132350 /* CDVSound.m */; };
		AF9B917642C649479E0F2F07 /* CDVCapture.m in Sources */ = {isa = PBXBuildFile; fileRef = 5215E1C829AB48BE82A8CDCE /* CDVCapture.m */; };
		CDA8F4E531B04B3BB61153C9 /* CDVCapture.bundle in Resources */ = {isa = PBXBuildFile; fileRef = 84001D57F1BC44D9AC574AD2 /* CDVCapture.bundle */; };
		6F59B45C08A5477A80CEA49A /* CDVConnection.m in Sources */ = {isa = PBXBuildFile; fileRef = 00E8955A2FED4D98B0CD7E79 /* CDVConnection.m */; };
		B8B0F3298E1E407FB597A5BA /* CDVReachability.m in Sources */ = {isa = PBXBuildFile; fileRef = 32E275E7B5C54D3487B7154E /* CDVReachability.m */; };
		8B688321E6594785979A36F2 /* SystemConfiguration.framework in Frameworks */ = {isa = PBXBuildFile; fileRef = 6F9FFC0FC9454F558C6F3B1D /* SystemConfiguration.framework */; settings = {ATTRIBUTES = (Weak, ); }; };
		D39C224B89BA42BA8E66D561 /* CoreTelephony.framework in Frameworks */ = {isa = PBXBuildFile; fileRef = DDAF1B88FC234DF0A9B52FF0 /* CoreTelephony.framework */; };
		EBD0A226DC2548929717A689 /* CDVSplashScreen.m in Sources */ = {isa = PBXBuildFile; fileRef = 04AD3FFFF4F5415FADE91420 /* CDVSplashScreen.m */; };
		D735B2EA9D5848DEA6350524 /* CDVViewController+SplashScreen.m in Sources */ = {isa = PBXBuildFile; fileRef = 11E24C3BC3B749BB98FE0422 /* CDVViewController+SplashScreen.m */; };
		E420E7D646FF4B6CB62FD7C4 /* CDVStatusBar.m in Sources */ = {isa = PBXBuildFile; fileRef = 7F788E85BCD5494DBF6689D6 /* CDVStatusBar.m */; };
		19C103A2154C49A0A4354841 /* CDVVibration.m in Sources */ = {isa = PBXBuildFile; fileRef = 08056D64683E46A893454247 /* CDVVibration.m */; };
		8B5404DD01C44D799A44D4B5 /* Toast+UIView.m in Sources */ = {isa = PBXBuildFile; fileRef = 1AA7B8FFFC0A4EF5BDF0D594 /* Toast+UIView.m */; };
		8807113138F04D5AB3130F12 /* Toast.m in Sources */ = {isa = PBXBuildFile; fileRef = 7FB798FE72724AB181198E98 /* Toast.m */; };
		DFE36D54E3AD4DC1B3A64A95 /* QuartzCore.framework in Frameworks */ = {isa = PBXBuildFile; fileRef = 14250A7D7A0C4867815944F3 /* QuartzCore.framework */; };
		DA94519AF66C48A991E7FC2D /* CDVPluginExt.m in Sources */ = {isa = PBXBuildFile; fileRef = 54B5C0FFA57C4A5EB47F6153 /* CDVPluginExt.m */; };
		940A4E776C094EA7AED6726B /* libCordovaGenericAd.a in Frameworks */ = {isa = PBXBuildFile; fileRef = 8DA25638621C4B8A8DFC43F4 /* libCordovaGenericAd.a */; };
		4C79B1F222744BE19EB3544B /* CFNetwork.framework in Frameworks */ = {isa = PBXBuildFile; fileRef = 4282FD69B7C74B719B0DFAE8 /* CFNetwork.framework */; };
		4B29775A10B64E4492059B6B /* CDVAdMobPlugin.m in Sources */ = {isa = PBXBuildFile; fileRef = 0D1DF4B8F54543CABC75A7F2 /* CDVAdMobPlugin.m */; };
		236DE7B85EB74AF0969F5A45 /* AdMobMediation.m in Sources */ = {isa = PBXBuildFile; fileRef = 3A4D3E7F09274ADBA4BB9F59 /* AdMobMediation.m */; };
		F1FD199F1F4C4900BF37577F /* GoogleMobileAds.framework in Frameworks */ = {isa = PBXBuildFile; fileRef = FD1AB0ECC75A42419CAC24B4 /* GoogleMobileAds.framework */; };
		F693F8DB93174387B2703F68 /* AdSupport.framework in Frameworks */ = {isa = PBXBuildFile; fileRef = 80F9DD5DBC26461291AA55C3 /* AdSupport.framework */; };
		F668DC00D0F648F996C11CF3 /* CoreBluetooth.framework in Frameworks */ = {isa = PBXBuildFile; fileRef = 139A76D88EF34D5EA74D3E84 /* CoreBluetooth.framework */; };
		B5F1BAAB60414B03B121960F /* EventKit.framework in Frameworks */ = {isa = PBXBuildFile; fileRef = 18E2E8F3E1D44842B7E510E5 /* EventKit.framework */; };
		3A67C9EF0FE04C159A01C2AB /* EventKitUI.framework in Frameworks */ = {isa = PBXBuildFile; fileRef = D6CBC1CFBA38421BB929FD07 /* EventKitUI.framework */; };
		43D323051106401FBFE574E1 /* Foundation.framework in Frameworks */ = {isa = PBXBuildFile; fileRef = 90ADD44B7E4C4E29B47423B1 /* Foundation.framework */; };
		0456A6B2115949CFA8FF2F80 /* MediaPlayer.framework in Frameworks */ = {isa = PBXBuildFile; fileRef = 5076F8E92AB8400C85EEEDC2 /* MediaPlayer.framework */; };
		85387992FD434C8C9BD9A027 /* MessageUI.framework in Frameworks */ = {isa = PBXBuildFile; fileRef = 012B5C45ABBA4D7C8974D739 /* MessageUI.framework */; };
		7B0F51C2D6F042E0A06DAFAF /* SafariServices.framework in Frameworks */ = {isa = PBXBuildFile; fileRef = C27A67FCBE8C454F991E2893 /* SafariServices.framework */; };
		F50DDB3D8B0D4621B831F999 /* StoreKit.framework in Frameworks */ = {isa = PBXBuildFile; fileRef = E4066AF8FACE4F4EA73AD01F /* StoreKit.framework */; };
		9424B71EEBDC4D2CA2DA1E6B /* UIKit.framework in Frameworks */ = {isa = PBXBuildFile; fileRef = AC497E305931478B94A0D6B1 /* UIKit.framework */; };
/* End PBXBuildFile section */

/* Begin PBXContainerItemProxy section */
		301BF534109A57CC0062928A /* PBXContainerItemProxy */ = {
			isa = PBXContainerItemProxy;
			containerPortal = 301BF52D109A57CC0062928A /* CordovaLib.xcodeproj */;
			proxyType = 2;
			remoteGlobalIDString = D2AAC07E0554694100DB518D;
			remoteInfo = CordovaLib;
		};
		301BF550109A68C00062928A /* PBXContainerItemProxy */ = {
			isa = PBXContainerItemProxy;
			containerPortal = 301BF52D109A57CC0062928A /* CordovaLib.xcodeproj */;
			proxyType = 1;
			remoteGlobalIDString = D2AAC07D0554694100DB518D;
			remoteInfo = CordovaLib;
		};
/* End PBXContainerItemProxy section */

/* Begin PBXFileReference section */
		0207DA571B56EA530066E2B4 /* Images.xcassets */ = {isa = PBXFileReference; lastKnownFileType = folder.assetcatalog; name = Images.xcassets; path = "CCCoM Church Portal/Images.xcassets"; sourceTree = SOURCE_ROOT; };
		1D3623240D0F684500981E51 /* AppDelegate.h */ = {isa = PBXFileReference; fileEncoding = 4; lastKnownFileType = sourcecode.c.h; path = AppDelegate.h; sourceTree = "<group>"; };
		1D3623250D0F684500981E51 /* AppDelegate.m */ = {isa = PBXFileReference; fileEncoding = 4; lastKnownFileType = sourcecode.c.objc; path = AppDelegate.m; sourceTree = "<group>"; };
		1D6058910D05DD3D006BFB54 /* CCCoM Church Portal.app */ = {isa = PBXFileReference; explicitFileType = wrapper.application; includeInIndex = 0; path = "CCCoM Church Portal.app"; sourceTree = BUILT_PRODUCTS_DIR; };
		29B97316FDCFA39411CA2CEA /* main.m */ = {isa = PBXFileReference; fileEncoding = 4; lastKnownFileType = sourcecode.c.objc; path = main.m; sourceTree = "<group>"; };
		301BF52D109A57CC0062928A /* CordovaLib.xcodeproj */ = {isa = PBXFileReference; lastKnownFileType = "wrapper.pb-project"; name = CordovaLib.xcodeproj; path = CordovaLib/CordovaLib.xcodeproj; sourceTree = "<group>"; };
		301BF56E109A69640062928A /* www */ = {isa = PBXFileReference; lastKnownFileType = folder; path = www; sourceTree = SOURCE_ROOT; };
		302D95EE14D2391D003F00A1 /* MainViewController.h */ = {isa = PBXFileReference; fileEncoding = 4; lastKnownFileType = sourcecode.c.h; path = MainViewController.h; sourceTree = "<group>"; };
		302D95EF14D2391D003F00A1 /* MainViewController.m */ = {isa = PBXFileReference; fileEncoding = 4; lastKnownFileType = sourcecode.c.objc; path = MainViewController.m; sourceTree = "<group>"; };
		302D95F014D2391D003F00A1 /* MainViewController.xib */ = {isa = PBXFileReference; fileEncoding = 4; lastKnownFileType = file.xib; path = MainViewController.xib; sourceTree = "<group>"; };
		3047A50F1AB8059700498E2A /* build-debug.xcconfig */ = {isa = PBXFileReference; fileEncoding = 4; lastKnownFileType = text.xcconfig; name = "build-debug.xcconfig"; path = cordova/build-debug.xcconfig; sourceTree = SOURCE_ROOT; };
		3047A5101AB8059700498E2A /* build-release.xcconfig */ = {isa = PBXFileReference; fileEncoding = 4; lastKnownFileType = text.xcconfig; name = "build-release.xcconfig"; path = cordova/build-release.xcconfig; sourceTree = SOURCE_ROOT; };
		3047A5111AB8059700498E2A /* build.xcconfig */ = {isa = PBXFileReference; fileEncoding = 4; lastKnownFileType = text.xcconfig; name = build.xcconfig; path = cordova/build.xcconfig; sourceTree = SOURCE_ROOT; };
		32CA4F630368D1EE00C91783 /* CCCoM Church Portal-Prefix.pch */ = {isa = PBXFileReference; fileEncoding = 4; lastKnownFileType = sourcecode.c.h; path = "CCCoM Church Portal-Prefix.pch"; sourceTree = "<group>"; };
		8D1107310486CEB800E47090 /* CCCoM Church Portal-Info.plist */ = {isa = PBXFileReference; fileEncoding = 4; lastKnownFileType = text.plist.xml; name = "CCCoM Church Portal-Info.plist"; path = "CCCoM Church Portal/CCCoM Church Portal-Info.plist"; plistStructureDefinitionIdentifier = "com.apple.xcode.plist.structure-definition.iphone.info-plist"; sourceTree = SOURCE_ROOT; };
		EB87FDF31871DA8E0020F90C /* www */ = {isa = PBXFileReference; lastKnownFileType = folder; name = www; path = ../../www; sourceTree = "<group>"; };
		EB87FDF41871DAF40020F90C /* config.xml */ = {isa = PBXFileReference; lastKnownFileType = text.xml; name = config.xml; path = ../../config.xml; sourceTree = "<group>"; };
		F840E1F0165FE0F500CFE078 /* config.xml */ = {isa = PBXFileReference; lastKnownFileType = text.xml; name = config.xml; path = "CCCoM Church Portal/config.xml"; sourceTree = "<group>"; };
		ED33DF2A687741AEAF9F8254 /* Bridging-Header.h */ = {isa = PBXFileReference; fileEncoding = 4; lastKnownFileType = sourcecode.c.h; name = "Bridging-Header.h"; path = "Bridging-Header.h"; sourceTree = "<group>"; };
		FA77C3E0213F46969C46D124 /* CDVBattery.m */ = {isa = PBXFileReference; name = "CDVBattery.m"; path = "cordova-plugin-battery-status/CDVBattery.m"; sourceTree = "<group>"; fileEncoding = 4; lastKnownFileType = sourcecode.c.objc; explicitFileType = undefined; includeInIndex = 0; };
		4F5F157BBF6B4E6AA0D249DA /* CDVBattery.h */ = {isa = PBXFileReference; name = "CDVBattery.h"; path = "cordova-plugin-battery-status/CDVBattery.h"; sourceTree = "<group>"; fileEncoding = 4; lastKnownFileType = sourcecode.c.h; explicitFileType = undefined; includeInIndex = 0; };
		5EAC9B36C61C44C4840944C5 /* UIImage+CropScaleOrientation.m */ = {isa = PBXFileReference; name = "UIImage+CropScaleOrientation.m"; path = "cordova-plugin-camera/UIImage+CropScaleOrientation.m"; sourceTree = "<group>"; fileEncoding = 4; lastKnownFileType = sourcecode.c.objc; explicitFileType = undefined; includeInIndex = 0; };
		891FBB2B6A9246B9B66160BF /* CDVCamera.m */ = {isa = PBXFileReference; name = "CDVCamera.m"; path = "cordova-plugin-camera/CDVCamera.m"; sourceTree = "<group>"; fileEncoding = 4; lastKnownFileType = sourcecode.c.objc; explicitFileType = undefined; includeInIndex = 0; };
		F49408DF11F340A080AD4995 /* CDVJpegHeaderWriter.m */ = {isa = PBXFileReference; name = "CDVJpegHeaderWriter.m"; path = "cordova-plugin-camera/CDVJpegHeaderWriter.m"; sourceTree = "<group>"; fileEncoding = 4; lastKnownFileType = sourcecode.c.objc; explicitFileType = undefined; includeInIndex = 0; };
		279A5C1347A247529DC5E52F /* UIImage+CropScaleOrientation.h */ = {isa = PBXFileReference; name = "UIImage+CropScaleOrientation.h"; path = "cordova-plugin-camera/UIImage+CropScaleOrientation.h"; sourceTree = "<group>"; fileEncoding = 4; lastKnownFileType = sourcecode.c.h; explicitFileType = undefined; includeInIndex = 0; };
		0C5647CC0EDA48B5B3705F8D /* CDVCamera.h */ = {isa = PBXFileReference; name = "CDVCamera.h"; path = "cordova-plugin-camera/CDVCamera.h"; sourceTree = "<group>"; fileEncoding = 4; lastKnownFileType = sourcecode.c.h; explicitFileType = undefined; includeInIndex = 0; };
		6827361C9D714EC0ABACF3C3 /* CDVJpegHeaderWriter.h */ = {isa = PBXFileReference; name = "CDVJpegHeaderWriter.h"; path = "cordova-plugin-camera/CDVJpegHeaderWriter.h"; sourceTree = "<group>"; fileEncoding = 4; lastKnownFileType = sourcecode.c.h; explicitFileType = undefined; includeInIndex = 0; };
		20B5A10E1C974C54A97E55D6 /* CDVExif.h */ = {isa = PBXFileReference; name = "CDVExif.h"; path = "cordova-plugin-camera/CDVExif.h"; sourceTree = "<group>"; fileEncoding = 4; lastKnownFileType = sourcecode.c.h; explicitFileType = undefined; includeInIndex = 0; };
		F8DA31B4ED774E42834AA289 /* ImageIO.framework */ = {isa = PBXFileReference; name = "ImageIO.framework"; path = "System/Library/Frameworks/ImageIO.framework"; sourceTree = SDKROOT; fileEncoding = undefined; lastKnownFileType = wrapper.framework; explicitFileType = undefined; includeInIndex = 0; };
		9560A48AE479446ABB133C34 /* CoreLocation.framework */ = {isa = PBXFileReference; name = "CoreLocation.framework"; path = "System/Library/Frameworks/CoreLocation.framework"; sourceTree = SDKROOT; fileEncoding = undefined; lastKnownFileType = wrapper.framework; explicitFileType = undefined; includeInIndex = 0; };
		915C932C86DC442B995CA9A2 /* AVFoundation.framework */ = {isa = PBXFileReference; name = "AVFoundation.framework"; path = "System/Library/Frameworks/AVFoundation.framework"; sourceTree = SDKROOT; fileEncoding = undefined; lastKnownFileType = wrapper.framework; explicitFileType = undefined; includeInIndex = 0; };
		98FBAB40312F4880A12693DB /* CDVLogger.m */ = {isa = PBXFileReference; name = "CDVLogger.m"; path = "cordova-plugin-console/CDVLogger.m"; sourceTree = "<group>"; fileEncoding = 4; lastKnownFileType = sourcecode.c.objc; explicitFileType = undefined; includeInIndex = 0; };
		5020B794714549588657BF65 /* CDVLogger.h */ = {isa = PBXFileReference; name = "CDVLogger.h"; path = "cordova-plugin-console/CDVLogger.h"; sourceTree = "<group>"; fileEncoding = 4; lastKnownFileType = sourcecode.c.h; explicitFileType = undefined; includeInIndex = 0; };
		F27470B40F404AC0AB88FBB7 /* CDVContacts.m */ = {isa = PBXFileReference; name = "CDVContacts.m"; path = "cordova-plugin-contacts/CDVContacts.m"; sourceTree = "<group>"; fileEncoding = 4; lastKnownFileType = sourcecode.c.objc; explicitFileType = undefined; includeInIndex = 0; };
		08862BF8B077421C8F7DCD2E /* CDVContact.m */ = {isa = PBXFileReference; name = "CDVContact.m"; path = "cordova-plugin-contacts/CDVContact.m"; sourceTree = "<group>"; fileEncoding = 4; lastKnownFileType = sourcecode.c.objc; explicitFileType = undefined; includeInIndex = 0; };
		15C4C34BE6484B9A999418A6 /* CDVContacts.h */ = {isa = PBXFileReference; name = "CDVContacts.h"; path = "cordova-plugin-contacts/CDVContacts.h"; sourceTree = "<group>"; fileEncoding = 4; lastKnownFileType = sourcecode.c.h; explicitFileType = undefined; includeInIndex = 0; };
		F518F4F747F24F4DA036D4C6 /* CDVContact.h */ = {isa = PBXFileReference; name = "CDVContact.h"; path = "cordova-plugin-contacts/CDVContact.h"; sourceTree = "<group>"; fileEncoding = 4; lastKnownFileType = sourcecode.c.h; explicitFileType = undefined; includeInIndex = 0; };
		801DFCFB39074861B1F82199 /* AddressBook.framework */ = {isa = PBXFileReference; name = "AddressBook.framework"; path = "System/Library/Frameworks/AddressBook.framework"; sourceTree = SDKROOT; fileEncoding = undefined; lastKnownFileType = wrapper.framework; explicitFileType = undefined; includeInIndex = 0; };
		EF7B433F90AD463680BB9195 /* AddressBookUI.framework */ = {isa = PBXFileReference; name = "AddressBookUI.framework"; path = "System/Library/Frameworks/AddressBookUI.framework"; sourceTree = SDKROOT; fileEncoding = undefined; lastKnownFileType = wrapper.framework; explicitFileType = undefined; includeInIndex = 0; };
		9B008A0349DC416A836471BE /* CDVDevice.m */ = {isa = PBXFileReference; name = "CDVDevice.m"; path = "cordova-plugin-device/CDVDevice.m"; sourceTree = "<group>"; fileEncoding = 4; lastKnownFileType = sourcecode.c.objc; explicitFileType = undefined; includeInIndex = 0; };
		B771634B1EDB48D3A48C4A4B /* CDVDevice.h */ = {isa = PBXFileReference; name = "CDVDevice.h"; path = "cordova-plugin-device/CDVDevice.h"; sourceTree = "<group>"; fileEncoding = 4; lastKnownFileType = sourcecode.c.h; explicitFileType = undefined; includeInIndex = 0; };
		2E6820474F1D44928454F898 /* CDVAccelerometer.m */ = {isa = PBXFileReference; name = "CDVAccelerometer.m"; path = "cordova-plugin-device-motion/CDVAccelerometer.m"; sourceTree = "<group>"; fileEncoding = 4; lastKnownFileType = sourcecode.c.objc; explicitFileType = undefined; includeInIndex = 0; };
		BE1BDB382335402FA6CADF05 /* CDVAccelerometer.h */ = {isa = PBXFileReference; name = "CDVAccelerometer.h"; path = "cordova-plugin-device-motion/CDVAccelerometer.h"; sourceTree = "<group>"; fileEncoding = 4; lastKnownFileType = sourcecode.c.h; explicitFileType = undefined; includeInIndex = 0; };
		68BEAAD6324143B0AC0A2CAA /* CoreMotion.framework */ = {isa = PBXFileReference; name = "CoreMotion.framework"; path = "System/Library/Frameworks/CoreMotion.framework"; sourceTree = SDKROOT; fileEncoding = undefined; lastKnownFileType = wrapper.framework; explicitFileType = undefined; includeInIndex = 0; };
		B860CB5150094668B13067E8 /* CDVCompass.m */ = {isa = PBXFileReference; name = "CDVCompass.m"; path = "cordova-plugin-device-orientation/CDVCompass.m"; sourceTree = "<group>"; fileEncoding = 4; lastKnownFileType = sourcecode.c.objc; explicitFileType = undefined; includeInIndex = 0; };
		3ACA2E5AFB674AC8ACF25D79 /* CDVCompass.h */ = {isa = PBXFileReference; name = "CDVCompass.h"; path = "cordova-plugin-device-orientation/CDVCompass.h"; sourceTree = "<group>"; fileEncoding = 4; lastKnownFileType = sourcecode.c.h; explicitFileType = undefined; includeInIndex = 0; };
		08BB7AA8720C43A48FB572B4 /* CDVNotification.m */ = {isa = PBXFileReference; name = "CDVNotification.m"; path = "cordova-plugin-dialogs/CDVNotification.m"; sourceTree = "<group>"; fileEncoding = 4; lastKnownFileType = sourcecode.c.objc; explicitFileType = undefined; includeInIndex = 0; };
		F715E1A9E06145ADAE2E5FF9 /* CDVNotification.h */ = {isa = PBXFileReference; name = "CDVNotification.h"; path = "cordova-plugin-dialogs/CDVNotification.h"; sourceTree = "<group>"; fileEncoding = 4; lastKnownFileType = sourcecode.c.h; explicitFileType = undefined; includeInIndex = 0; };
		A1F74017B72F4514BF25D299 /* CDVNotification.bundle */ = {isa = PBXFileReference; name = "CDVNotification.bundle"; path = "CDVNotification.bundle"; sourceTree = "<group>"; fileEncoding = undefined; lastKnownFileType = wrapper.plug-in; explicitFileType = undefined; includeInIndex = 0; };
		C07C2FFC30A343B9A69109A1 /* AudioToolbox.framework */ = {isa = PBXFileReference; name = "AudioToolbox.framework"; path = "System/Library/Frameworks/AudioToolbox.framework"; sourceTree = SDKROOT; fileEncoding = undefined; lastKnownFileType = wrapper.framework; explicitFileType = undefined; includeInIndex = 0; };
		DEEF461E085E420EB7F1A749 /* CDVFile.m */ = {isa = PBXFileReference; name = "CDVFile.m"; path = "cordova-plugin-file/CDVFile.m"; sourceTree = "<group>"; fileEncoding = 4; lastKnownFileType = sourcecode.c.objc; explicitFileType = undefined; includeInIndex = 0; };
		F3404A8704BC4421A6A1CDB3 /* CDVLocalFilesystem.m */ = {isa = PBXFileReference; name = "CDVLocalFilesystem.m"; path = "cordova-plugin-file/CDVLocalFilesystem.m"; sourceTree = "<group>"; fileEncoding = 4; lastKnownFileType = sourcecode.c.objc; explicitFileType = undefined; includeInIndex = 0; };
		89EDC393FD974ABFB895924F /* CDVAssetLibraryFilesystem.m */ = {isa = PBXFileReference; name = "CDVAssetLibraryFilesystem.m"; path = "cordova-plugin-file/CDVAssetLibraryFilesystem.m"; sourceTree = "<group>"; fileEncoding = 4; lastKnownFileType = sourcecode.c.objc; explicitFileType = undefined; includeInIndex = 0; };
		EF94AB5CB60E4063B49BD89D /* CDVFile.h */ = {isa = PBXFileReference; name = "CDVFile.h"; path = "cordova-plugin-file/CDVFile.h"; sourceTree = "<group>"; fileEncoding = 4; lastKnownFileType = sourcecode.c.h; explicitFileType = undefined; includeInIndex = 0; };
		24FB51473C1148C4B83B2D41 /* CDVLocalFilesystem.h */ = {isa = PBXFileReference; name = "CDVLocalFilesystem.h"; path = "cordova-plugin-file/CDVLocalFilesystem.h"; sourceTree = "<group>"; fileEncoding = 4; lastKnownFileType = sourcecode.c.h; explicitFileType = undefined; includeInIndex = 0; };
		B292C66819194A3F945CC1BD /* CDVAssetLibraryFilesystem.h */ = {isa = PBXFileReference; name = "CDVAssetLibraryFilesystem.h"; path = "cordova-plugin-file/CDVAssetLibraryFilesystem.h"; sourceTree = "<group>"; fileEncoding = 4; lastKnownFileType = sourcecode.c.h; explicitFileType = undefined; includeInIndex = 0; };
		A5C8FA53DE4A4446AF8D6287 /* CDVFileTransfer.m */ = {isa = PBXFileReference; name = "CDVFileTransfer.m"; path = "cordova-plugin-file-transfer/CDVFileTransfer.m"; sourceTree = "<group>"; fileEncoding = 4; lastKnownFileType = sourcecode.c.objc; explicitFileType = undefined; includeInIndex = 0; };
		F9E80ACCDB724ADEACF74FEA /* CDVFileTransfer.h */ = {isa = PBXFileReference; name = "CDVFileTransfer.h"; path = "cordova-plugin-file-transfer/CDVFileTransfer.h"; sourceTree = "<group>"; fileEncoding = 4; lastKnownFileType = sourcecode.c.h; explicitFileType = undefined; includeInIndex = 0; };
		54A23B0B3A76451ABA074DA7 /* CDVLocation.m */ = {isa = PBXFileReference; name = "CDVLocation.m"; path = "cordova-plugin-geolocation/CDVLocation.m"; sourceTree = "<group>"; fileEncoding = 4; lastKnownFileType = sourcecode.c.objc; explicitFileType = undefined; includeInIndex = 0; };
		DB9CBDDE3E5F4925832CA615 /* CDVLocation.h */ = {isa = PBXFileReference; name = "CDVLocation.h"; path = "cordova-plugin-geolocation/CDVLocation.h"; sourceTree = "<group>"; fileEncoding = 4; lastKnownFileType = sourcecode.c.h; explicitFileType = undefined; includeInIndex = 0; };
		7C2BB855585F411CA411D083 /* CDVGlobalization.m */ = {isa = PBXFileReference; name = "CDVGlobalization.m"; path = "cordova-plugin-globalization/CDVGlobalization.m"; sourceTree = "<group>"; fileEncoding = 4; lastKnownFileType = sourcecode.c.objc; explicitFileType = undefined; includeInIndex = 0; };
		A7655A60F7674A67A238D58F /* CDVGlobalization.h */ = {isa = PBXFileReference; name = "CDVGlobalization.h"; path = "cordova-plugin-globalization/CDVGlobalization.h"; sourceTree = "<group>"; fileEncoding = 4; lastKnownFileType = sourcecode.c.h; explicitFileType = undefined; includeInIndex = 0; };
		5494AF5241214C6787A81C7B /* CDVInAppBrowser.m */ = {isa = PBXFileReference; name = "CDVInAppBrowser.m"; path = "cordova-plugin-inappbrowser/CDVInAppBrowser.m"; sourceTree = "<group>"; fileEncoding = 4; lastKnownFileType = sourcecode.c.objc; explicitFileType = undefined; includeInIndex = 0; };
		6161CCF47E624FC48229D392 /* CDVInAppBrowser.h */ = {isa = PBXFileReference; name = "CDVInAppBrowser.h"; path = "cordova-plugin-inappbrowser/CDVInAppBrowser.h"; sourceTree = "<group>"; fileEncoding = 4; lastKnownFileType = sourcecode.c.h; explicitFileType = undefined; includeInIndex = 0; };
		E03E364A70F149D2AC132350 /* CDVSound.m */ = {isa = PBXFileReference; name = "CDVSound.m"; path = "cordova-plugin-media/CDVSound.m"; sourceTree = "<group>"; fileEncoding = 4; lastKnownFileType = sourcecode.c.objc; explicitFileType = undefined; includeInIndex = 0; };
		97319F1C99724A6A92BA3355 /* CDVSound.h */ = {isa = PBXFileReference; name = "CDVSound.h"; path = "cordova-plugin-media/CDVSound.h"; sourceTree = "<group>"; fileEncoding = 4; lastKnownFileType = sourcecode.c.h; explicitFileType = undefined; includeInIndex = 0; };
		5215E1C829AB48BE82A8CDCE /* CDVCapture.m */ = {isa = PBXFileReference; name = "CDVCapture.m"; path = "cordova-plugin-media-capture/CDVCapture.m"; sourceTree = "<group>"; fileEncoding = 4; lastKnownFileType = sourcecode.c.objc; explicitFileType = undefined; includeInIndex = 0; };
		44E014F6350748E28339FED3 /* CDVCapture.h */ = {isa = PBXFileReference; name = "CDVCapture.h"; path = "cordova-plugin-media-capture/CDVCapture.h"; sourceTree = "<group>"; fileEncoding = 4; lastKnownFileType = sourcecode.c.h; explicitFileType = undefined; includeInIndex = 0; };
		84001D57F1BC44D9AC574AD2 /* CDVCapture.bundle */ = {isa = PBXFileReference; name = "CDVCapture.bundle"; path = "CDVCapture.bundle"; sourceTree = "<group>"; fileEncoding = undefined; lastKnownFileType = wrapper.plug-in; explicitFileType = undefined; includeInIndex = 0; };
		00E8955A2FED4D98B0CD7E79 /* CDVConnection.m */ = {isa = PBXFileReference; name = "CDVConnection.m"; path = "cordova-plugin-network-information/CDVConnection.m"; sourceTree = "<group>"; fileEncoding = 4; lastKnownFileType = sourcecode.c.objc; explicitFileType = undefined; includeInIndex = 0; };
		32E275E7B5C54D3487B7154E /* CDVReachability.m */ = {isa = PBXFileReference; name = "CDVReachability.m"; path = "cordova-plugin-network-information/CDVReachability.m"; sourceTree = "<group>"; fileEncoding = 4; lastKnownFileType = sourcecode.c.objc; explicitFileType = undefined; includeInIndex = 0; };
		81EBB84721074BAE879244E3 /* CDVConnection.h */ = {isa = PBXFileReference; name = "CDVConnection.h"; path = "cordova-plugin-network-information/CDVConnection.h"; sourceTree = "<group>"; fileEncoding = 4; lastKnownFileType = sourcecode.c.h; explicitFileType = undefined; includeInIndex = 0; };
		B68780FDB03D4F76ABB2E2F6 /* CDVReachability.h */ = {isa = PBXFileReference; name = "CDVReachability.h"; path = "cordova-plugin-network-information/CDVReachability.h"; sourceTree = "<group>"; fileEncoding = 4; lastKnownFileType = sourcecode.c.h; explicitFileType = undefined; includeInIndex = 0; };
		6F9FFC0FC9454F558C6F3B1D /* SystemConfiguration.framework */ = {isa = PBXFileReference; name = "SystemConfiguration.framework"; path = "System/Library/Frameworks/SystemConfiguration.framework"; sourceTree = SDKROOT; fileEncoding = undefined; lastKnownFileType = wrapper.framework; explicitFileType = undefined; includeInIndex = 0; };
		DDAF1B88FC234DF0A9B52FF0 /* CoreTelephony.framework */ = {isa = PBXFileReference; name = "CoreTelephony.framework"; path = "System/Library/Frameworks/CoreTelephony.framework"; sourceTree = SDKROOT; fileEncoding = undefined; lastKnownFileType = wrapper.framework; explicitFileType = undefined; includeInIndex = 0; };
		04AD3FFFF4F5415FADE91420 /* CDVSplashScreen.m */ = {isa = PBXFileReference; name = "CDVSplashScreen.m"; path = "cordova-plugin-splashscreen/CDVSplashScreen.m"; sourceTree = "<group>"; fileEncoding = 4; lastKnownFileType = sourcecode.c.objc; explicitFileType = undefined; includeInIndex = 0; };
		11E24C3BC3B749BB98FE0422 /* CDVViewController+SplashScreen.m */ = {isa = PBXFileReference; name = "CDVViewController+SplashScreen.m"; path = "cordova-plugin-splashscreen/CDVViewController+SplashScreen.m"; sourceTree = "<group>"; fileEncoding = 4; lastKnownFileType = sourcecode.c.objc; explicitFileType = undefined; includeInIndex = 0; };
		88A4F9C8524A4914B2C02B59 /* CDVSplashScreen.h */ = {isa = PBXFileReference; name = "CDVSplashScreen.h"; path = "cordova-plugin-splashscreen/CDVSplashScreen.h"; sourceTree = "<group>"; fileEncoding = 4; lastKnownFileType = sourcecode.c.h; explicitFileType = undefined; includeInIndex = 0; };
		301ACC5AB2EC42D0B0D4D583 /* CDVViewController+SplashScreen.h */ = {isa = PBXFileReference; name = "CDVViewController+SplashScreen.h"; path = "cordova-plugin-splashscreen/CDVViewController+SplashScreen.h"; sourceTree = "<group>"; fileEncoding = 4; lastKnownFileType = sourcecode.c.h; explicitFileType = undefined; includeInIndex = 0; };
		7F788E85BCD5494DBF6689D6 /* CDVStatusBar.m */ = {isa = PBXFileReference; name = "CDVStatusBar.m"; path = "cordova-plugin-statusbar/CDVStatusBar.m"; sourceTree = "<group>"; fileEncoding = 4; lastKnownFileType = sourcecode.c.objc; explicitFileType = undefined; includeInIndex = 0; };
		B06FABB218C2430DADE336D8 /* CDVStatusBar.h */ = {isa = PBXFileReference; name = "CDVStatusBar.h"; path = "cordova-plugin-statusbar/CDVStatusBar.h"; sourceTree = "<group>"; fileEncoding = 4; lastKnownFileType = sourcecode.c.h; explicitFileType = undefined; includeInIndex = 0; };
		08056D64683E46A893454247 /* CDVVibration.m */ = {isa = PBXFileReference; name = "CDVVibration.m"; path = "cordova-plugin-vibration/CDVVibration.m"; sourceTree = "<group>"; fileEncoding = 4; lastKnownFileType = sourcecode.c.objc; explicitFileType = undefined; includeInIndex = 0; };
		1409382DE29241189CB8D561 /* CDVVibration.h */ = {isa = PBXFileReference; name = "CDVVibration.h"; path = "cordova-plugin-vibration/CDVVibration.h"; sourceTree = "<group>"; fileEncoding = 4; lastKnownFileType = sourcecode.c.h; explicitFileType = undefined; includeInIndex = 0; };
		1AA7B8FFFC0A4EF5BDF0D594 /* Toast+UIView.m */ = {isa = PBXFileReference; name = "Toast+UIView.m"; path = "cordova-plugin-x-toast/Toast+UIView.m"; sourceTree = "<group>"; fileEncoding = 4; lastKnownFileType = sourcecode.c.objc; explicitFileType = undefined; includeInIndex = 0; };
		7FB798FE72724AB181198E98 /* Toast.m */ = {isa = PBXFileReference; name = "Toast.m"; path = "cordova-plugin-x-toast/Toast.m"; sourceTree = "<group>"; fileEncoding = 4; lastKnownFileType = sourcecode.c.objc; explicitFileType = undefined; includeInIndex = 0; };
		BB0A3EEC746B40ECA1E55EE0 /* Toast+UIView.h */ = {isa = PBXFileReference; name = "Toast+UIView.h"; path = "cordova-plugin-x-toast/Toast+UIView.h"; sourceTree = "<group>"; fileEncoding = 4; lastKnownFileType = sourcecode.c.h; explicitFileType = undefined; includeInIndex = 0; };
		37714C67CA304E2D97CEEA88 /* Toast.h */ = {isa = PBXFileReference; name = "Toast.h"; path = "cordova-plugin-x-toast/Toast.h"; sourceTree = "<group>"; fileEncoding = 4; lastKnownFileType = sourcecode.c.h; explicitFileType = undefined; includeInIndex = 0; };
		14250A7D7A0C4867815944F3 /* QuartzCore.framework */ = {isa = PBXFileReference; name = "QuartzCore.framework"; path = "System/Library/Frameworks/QuartzCore.framework"; sourceTree = SDKROOT; fileEncoding = undefined; lastKnownFileType = wrapper.framework; explicitFileType = undefined; includeInIndex = 0; };
		54B5C0FFA57C4A5EB47F6153 /* CDVPluginExt.m */ = {isa = PBXFileReference; name = "CDVPluginExt.m"; path = "cordova-plugin-extension/CDVPluginExt.m"; sourceTree = "<group>"; fileEncoding = 4; lastKnownFileType = sourcecode.c.objc; explicitFileType = undefined; includeInIndex = 0; };
		8DA25638621C4B8A8DFC43F4 /* libCordovaGenericAd.a */ = {isa = PBXFileReference; name = "libCordovaGenericAd.a"; path = "CCCoM Church Portal/Plugins/cordova-plugin-extension/libCordovaGenericAd.a"; sourceTree = "<group>"; fileEncoding = undefined; lastKnownFileType = archive.ar; explicitFileType = undefined; includeInIndex = 0; };
		A483DAA2722147D79387CAE3 /* PluginAdapterDelegate.h */ = {isa = PBXFileReference; name = "PluginAdapterDelegate.h"; path = "cordova-plugin-extension/PluginAdapterDelegate.h"; sourceTree = "<group>"; fileEncoding = 4; lastKnownFileType = sourcecode.c.h; explicitFileType = undefined; includeInIndex = 0; };
		39470EBE19BC4EE3935E984D /* CDVPluginExt.h */ = {isa = PBXFileReference; name = "CDVPluginExt.h"; path = "cordova-plugin-extension/CDVPluginExt.h"; sourceTree = "<group>"; fileEncoding = 4; lastKnownFileType = sourcecode.c.h; explicitFileType = undefined; includeInIndex = 0; };
		E6752B61DD064389963E59B6 /* GenericAdPlugin.h */ = {isa = PBXFileReference; name = "GenericAdPlugin.h"; path = "cordova-plugin-extension/GenericAdPlugin.h"; sourceTree = "<group>"; fileEncoding = 4; lastKnownFileType = sourcecode.c.h; explicitFileType = undefined; includeInIndex = 0; };
		4282FD69B7C74B719B0DFAE8 /* CFNetwork.framework */ = {isa = PBXFileReference; name = "CFNetwork.framework"; path = "System/Library/Frameworks/CFNetwork.framework"; sourceTree = SDKROOT; fileEncoding = undefined; lastKnownFileType = wrapper.framework; explicitFileType = undefined; includeInIndex = 0; };
		0D1DF4B8F54543CABC75A7F2 /* CDVAdMobPlugin.m */ = {isa = PBXFileReference; name = "CDVAdMobPlugin.m"; path = "cordova-plugin-admobpro/CDVAdMobPlugin.m"; sourceTree = "<group>"; fileEncoding = 4; lastKnownFileType = sourcecode.c.objc; explicitFileType = undefined; includeInIndex = 0; };
		3A4D3E7F09274ADBA4BB9F59 /* AdMobMediation.m */ = {isa = PBXFileReference; name = "AdMobMediation.m"; path = "cordova-plugin-admobpro/AdMobMediation.m"; sourceTree = "<group>"; fileEncoding = 4; lastKnownFileType = sourcecode.c.objc; explicitFileType = undefined; includeInIndex = 0; };
		81C6F0EE98A242DBAF7A61CE /* CDVAdMobPlugin.h */ = {isa = PBXFileReference; name = "CDVAdMobPlugin.h"; path = "cordova-plugin-admobpro/CDVAdMobPlugin.h"; sourceTree = "<group>"; fileEncoding = 4; lastKnownFileType = sourcecode.c.h; explicitFileType = undefined; includeInIndex = 0; };
		724F930578604BC09E91706C /* AdMobMediation.h */ = {isa = PBXFileReference; name = "AdMobMediation.h"; path = "cordova-plugin-admobpro/AdMobMediation.h"; sourceTree = "<group>"; fileEncoding = 4; lastKnownFileType = sourcecode.c.h; explicitFileType = undefined; includeInIndex = 0; };
		FD1AB0ECC75A42419CAC24B4 /* GoogleMobileAds.framework */ = {isa = PBXFileReference; name = "GoogleMobileAds.framework"; path = "CCCoM Church Portal/Plugins/cordova-plugin-admobpro/GoogleMobileAds.framework"; sourceTree = "<group>"; fileEncoding = undefined; lastKnownFileType = wrapper.framework; explicitFileType = undefined; includeInIndex = 0; };
		80F9DD5DBC26461291AA55C3 /* AdSupport.framework */ = {isa = PBXFileReference; name = "AdSupport.framework"; path = "System/Library/Frameworks/AdSupport.framework"; sourceTree = SDKROOT; fileEncoding = undefined; lastKnownFileType = wrapper.framework; explicitFileType = undefined; includeInIndex = 0; };
		139A76D88EF34D5EA74D3E84 /* CoreBluetooth.framework */ = {isa = PBXFileReference; name = "CoreBluetooth.framework"; path = "System/Library/Frameworks/CoreBluetooth.framework"; sourceTree = SDKROOT; fileEncoding = undefined; lastKnownFileType = wrapper.framework; explicitFileType = undefined; includeInIndex = 0; };
		18E2E8F3E1D44842B7E510E5 /* EventKit.framework */ = {isa = PBXFileReference; name = "EventKit.framework"; path = "System/Library/Frameworks/EventKit.framework"; sourceTree = SDKROOT; fileEncoding = undefined; lastKnownFileType = wrapper.framework; explicitFileType = undefined; includeInIndex = 0; };
		D6CBC1CFBA38421BB929FD07 /* EventKitUI.framework */ = {isa = PBXFileReference; name = "EventKitUI.framework"; path = "System/Library/Frameworks/EventKitUI.framework"; sourceTree = SDKROOT; fileEncoding = undefined; lastKnownFileType = wrapper.framework; explicitFileType = undefined; includeInIndex = 0; };
		90ADD44B7E4C4E29B47423B1 /* Foundation.framework */ = {isa = PBXFileReference; name = "Foundation.framework"; path = "System/Library/Frameworks/Foundation.framework"; sourceTree = SDKROOT; fileEncoding = undefined; lastKnownFileType = wrapper.framework; explicitFileType = undefined; includeInIndex = 0; };
		5076F8E92AB8400C85EEEDC2 /* MediaPlayer.framework */ = {isa = PBXFileReference; name = "MediaPlayer.framework"; path = "System/Library/Frameworks/MediaPlayer.framework"; sourceTree = SDKROOT; fileEncoding = undefined; lastKnownFileType = wrapper.framework; explicitFileType = undefined; includeInIndex = 0; };
		012B5C45ABBA4D7C8974D739 /* MessageUI.framework */ = {isa = PBXFileReference; name = "MessageUI.framework"; path = "System/Library/Frameworks/MessageUI.framework"; sourceTree = SDKROOT; fileEncoding = undefined; lastKnownFileType = wrapper.framework; explicitFileType = undefined; includeInIndex = 0; };
		C27A67FCBE8C454F991E2893 /* SafariServices.framework */ = {isa = PBXFileReference; name = "SafariServices.framework"; path = "System/Library/Frameworks/SafariServices.framework"; sourceTree = SDKROOT; fileEncoding = undefined; lastKnownFileType = wrapper.framework; explicitFileType = undefined; includeInIndex = 0; };
		E4066AF8FACE4F4EA73AD01F /* StoreKit.framework */ = {isa = PBXFileReference; name = "StoreKit.framework"; path = "System/Library/Frameworks/StoreKit.framework"; sourceTree = SDKROOT; fileEncoding = undefined; lastKnownFileType = wrapper.framework; explicitFileType = undefined; includeInIndex = 0; };
		AC497E305931478B94A0D6B1 /* UIKit.framework */ = {isa = PBXFileReference; name = "UIKit.framework"; path = "System/Library/Frameworks/UIKit.framework"; sourceTree = SDKROOT; fileEncoding = undefined; lastKnownFileType = wrapper.framework; explicitFileType = undefined; includeInIndex = 0; };
/* End PBXFileReference section */

/* Begin PBXFrameworksBuildPhase section */
		1D60588F0D05DD3D006BFB54 /* Frameworks */ = {
			isa = PBXFrameworksBuildPhase;
			buildActionMask = 2147483647;
			files = (
				301BF552109A68D80062928A /* libCordova.a in Frameworks */,
				AB7DD53E0C4247A6A83673DE /* ImageIO.framework in Frameworks */,
				D2A3FC9027D64BC89BE001F8 /* CoreLocation.framework in Frameworks */,
				014EED0E5F794CE2A423B032 /* AVFoundation.framework in Frameworks */,
				F53082842BD940AC9031927A /* AddressBook.framework in Frameworks */,
				4844C24AD0C94E189242732C /* AddressBookUI.framework in Frameworks */,
				0D0DA5D5169B473BA3C950F9 /* CoreMotion.framework in Frameworks */,
				38C2C33EC5A5436FA86764AF /* AudioToolbox.framework in Frameworks */,
				8B688321E6594785979A36F2 /* SystemConfiguration.framework in Frameworks */,
				D39C224B89BA42BA8E66D561 /* CoreTelephony.framework in Frameworks */,
				DFE36D54E3AD4DC1B3A64A95 /* QuartzCore.framework in Frameworks */,
				940A4E776C094EA7AED6726B /* libCordovaGenericAd.a in Frameworks */,
				4C79B1F222744BE19EB3544B /* CFNetwork.framework in Frameworks */,
				F1FD199F1F4C4900BF37577F /* GoogleMobileAds.framework in Frameworks */,
				F693F8DB93174387B2703F68 /* AdSupport.framework in Frameworks */,
				F668DC00D0F648F996C11CF3 /* CoreBluetooth.framework in Frameworks */,
				B5F1BAAB60414B03B121960F /* EventKit.framework in Frameworks */,
				3A67C9EF0FE04C159A01C2AB /* EventKitUI.framework in Frameworks */,
				43D323051106401FBFE574E1 /* Foundation.framework in Frameworks */,
				0456A6B2115949CFA8FF2F80 /* MediaPlayer.framework in Frameworks */,
				85387992FD434C8C9BD9A027 /* MessageUI.framework in Frameworks */,
				7B0F51C2D6F042E0A06DAFAF /* SafariServices.framework in Frameworks */,
				F50DDB3D8B0D4621B831F999 /* StoreKit.framework in Frameworks */,
				9424B71EEBDC4D2CA2DA1E6B /* UIKit.framework in Frameworks */,
			);
			runOnlyForDeploymentPostprocessing = 0;
		};
/* End PBXFrameworksBuildPhase section */

/* Begin PBXGroup section */
		080E96DDFE201D6D7F000001 /* Classes */ = {
			isa = PBXGroup;
			children = (
				302D95EE14D2391D003F00A1 /* MainViewController.h */,
				302D95EF14D2391D003F00A1 /* MainViewController.m */,
				302D95F014D2391D003F00A1 /* MainViewController.xib */,
				1D3623240D0F684500981E51 /* AppDelegate.h */,
				1D3623250D0F684500981E51 /* AppDelegate.m */,
			);
			name = Classes;
			path = "CCCoM Church Portal/Classes";
			sourceTree = SOURCE_ROOT;
		};
		19C28FACFE9D520D11CA2CBB /* Products */ = {
			isa = PBXGroup;
			children = (
				1D6058910D05DD3D006BFB54 /* CCCoM Church Portal.app */,
			);
			name = Products;
			sourceTree = "<group>";
		};
		29B97314FDCFA39411CA2CEA /* CustomTemplate */ = {
			isa = PBXGroup;
			children = (
				EB87FDF41871DAF40020F90C /* config.xml */,
				EB87FDF31871DA8E0020F90C /* www */,
				EB87FDF11871DA420020F90C /* Staging */,
				301BF52D109A57CC0062928A /* CordovaLib.xcodeproj */,
				080E96DDFE201D6D7F000001 /* Classes */,
				307C750510C5A3420062BCA9 /* Plugins */,
				29B97315FDCFA39411CA2CEA /* Other Sources */,
				29B97317FDCFA39411CA2CEA /* Resources */,
				29B97323FDCFA39411CA2CEA /* Frameworks */,
				19C28FACFE9D520D11CA2CBB /* Products */,
			);
			name = CustomTemplate;
			sourceTree = "<group>";
		};
		29B97315FDCFA39411CA2CEA /* Other Sources */ = {
			isa = PBXGroup;
			children = (
				32CA4F630368D1EE00C91783 /* CCCoM Church Portal-Prefix.pch */,
				29B97316FDCFA39411CA2CEA /* main.m */,
				ED33DF2A687741AEAF9F8254 /* Bridging-Header.h */,
			);
			name = "Other Sources";
			path = "CCCoM Church Portal";
			sourceTree = "<group>";
		};
		29B97317FDCFA39411CA2CEA /* Resources */ = {
			isa = PBXGroup;
			children = (
				0207DA571B56EA530066E2B4 /* Images.xcassets */,
				3047A50E1AB8057F00498E2A /* config */,
				8D1107310486CEB800E47090 /* CCCoM Church Portal-Info.plist */,
				A1F74017B72F4514BF25D299 /* CDVNotification.bundle */,
				84001D57F1BC44D9AC574AD2 /* CDVCapture.bundle */,
			);
			name = Resources;
			path = "CCCoM Church Portal/Resources";
			sourceTree = "<group>";
		};
		29B97323FDCFA39411CA2CEA /* Frameworks */ = {
			isa = PBXGroup;
			children = (
				F8DA31B4ED774E42834AA289 /* ImageIO.framework */,
				9560A48AE479446ABB133C34 /* CoreLocation.framework */,
				915C932C86DC442B995CA9A2 /* AVFoundation.framework */,
				801DFCFB39074861B1F82199 /* AddressBook.framework */,
				EF7B433F90AD463680BB9195 /* AddressBookUI.framework */,
				68BEAAD6324143B0AC0A2CAA /* CoreMotion.framework */,
				C07C2FFC30A343B9A69109A1 /* AudioToolbox.framework */,
				6F9FFC0FC9454F558C6F3B1D /* SystemConfiguration.framework */,
				DDAF1B88FC234DF0A9B52FF0 /* CoreTelephony.framework */,
				14250A7D7A0C4867815944F3 /* QuartzCore.framework */,
				8DA25638621C4B8A8DFC43F4 /* libCordovaGenericAd.a */,
				4282FD69B7C74B719B0DFAE8 /* CFNetwork.framework */,
				FD1AB0ECC75A42419CAC24B4 /* GoogleMobileAds.framework */,
				80F9DD5DBC26461291AA55C3 /* AdSupport.framework */,
				139A76D88EF34D5EA74D3E84 /* CoreBluetooth.framework */,
				18E2E8F3E1D44842B7E510E5 /* EventKit.framework */,
				D6CBC1CFBA38421BB929FD07 /* EventKitUI.framework */,
				90ADD44B7E4C4E29B47423B1 /* Foundation.framework */,
				5076F8E92AB8400C85EEEDC2 /* MediaPlayer.framework */,
				012B5C45ABBA4D7C8974D739 /* MessageUI.framework */,
				C27A67FCBE8C454F991E2893 /* SafariServices.framework */,
				E4066AF8FACE4F4EA73AD01F /* StoreKit.framework */,
				AC497E305931478B94A0D6B1 /* UIKit.framework */,
			);
			name = Frameworks;
			sourceTree = "<group>";
		};
		301BF52E109A57CC0062928A /* Products */ = {
			isa = PBXGroup;
			children = (
				301BF535109A57CC0062928A /* libCordova.a */,
			);
			name = Products;
			sourceTree = "<group>";
		};
		3047A50E1AB8057F00498E2A /* config */ = {
			isa = PBXGroup;
			children = (
				3047A50F1AB8059700498E2A /* build-debug.xcconfig */,
				3047A5101AB8059700498E2A /* build-release.xcconfig */,
				3047A5111AB8059700498E2A /* build.xcconfig */,
			);
			name = config;
			sourceTree = "<group>";
		};
		307C750510C5A3420062BCA9 /* Plugins */ = {
			isa = PBXGroup;
			children = (
				FA77C3E0213F46969C46D124 /* CDVBattery.m */,
				4F5F157BBF6B4E6AA0D249DA /* CDVBattery.h */,
				5EAC9B36C61C44C4840944C5 /* UIImage+CropScaleOrientation.m */,
				891FBB2B6A9246B9B66160BF /* CDVCamera.m */,
				F49408DF11F340A080AD4995 /* CDVJpegHeaderWriter.m */,
				279A5C1347A247529DC5E52F /* UIImage+CropScaleOrientation.h */,
				0C5647CC0EDA48B5B3705F8D /* CDVCamera.h */,
				6827361C9D714EC0ABACF3C3 /* CDVJpegHeaderWriter.h */,
				20B5A10E1C974C54A97E55D6 /* CDVExif.h */,
				98FBAB40312F4880A12693DB /* CDVLogger.m */,
				5020B794714549588657BF65 /* CDVLogger.h */,
				F27470B40F404AC0AB88FBB7 /* CDVContacts.m */,
				08862BF8B077421C8F7DCD2E /* CDVContact.m */,
				15C4C34BE6484B9A999418A6 /* CDVContacts.h */,
				F518F4F747F24F4DA036D4C6 /* CDVContact.h */,
				9B008A0349DC416A836471BE /* CDVDevice.m */,
				B771634B1EDB48D3A48C4A4B /* CDVDevice.h */,
				2E6820474F1D44928454F898 /* CDVAccelerometer.m */,
				BE1BDB382335402FA6CADF05 /* CDVAccelerometer.h */,
				B860CB5150094668B13067E8 /* CDVCompass.m */,
				3ACA2E5AFB674AC8ACF25D79 /* CDVCompass.h */,
				08BB7AA8720C43A48FB572B4 /* CDVNotification.m */,
				F715E1A9E06145ADAE2E5FF9 /* CDVNotification.h */,
				DEEF461E085E420EB7F1A749 /* CDVFile.m */,
				F3404A8704BC4421A6A1CDB3 /* CDVLocalFilesystem.m */,
				89EDC393FD974ABFB895924F /* CDVAssetLibraryFilesystem.m */,
				EF94AB5CB60E4063B49BD89D /* CDVFile.h */,
				24FB51473C1148C4B83B2D41 /* CDVLocalFilesystem.h */,
				B292C66819194A3F945CC1BD /* CDVAssetLibraryFilesystem.h */,
				A5C8FA53DE4A4446AF8D6287 /* CDVFileTransfer.m */,
				F9E80ACCDB724ADEACF74FEA /* CDVFileTransfer.h */,
				54A23B0B3A76451ABA074DA7 /* CDVLocation.m */,
				DB9CBDDE3E5F4925832CA615 /* CDVLocation.h */,
				7C2BB855585F411CA411D083 /* CDVGlobalization.m */,
				A7655A60F7674A67A238D58F /* CDVGlobalization.h */,
				5494AF5241214C6787A81C7B /* CDVInAppBrowser.m */,
				6161CCF47E624FC48229D392 /* CDVInAppBrowser.h */,
				E03E364A70F149D2AC132350 /* CDVSound.m */,
				97319F1C99724A6A92BA3355 /* CDVSound.h */,
				5215E1C829AB48BE82A8CDCE /* CDVCapture.m */,
				44E014F6350748E28339FED3 /* CDVCapture.h */,
				00E8955A2FED4D98B0CD7E79 /* CDVConnection.m */,
				32E275E7B5C54D3487B7154E /* CDVReachability.m */,
				81EBB84721074BAE879244E3 /* CDVConnection.h */,
				B68780FDB03D4F76ABB2E2F6 /* CDVReachability.h */,
				04AD3FFFF4F5415FADE91420 /* CDVSplashScreen.m */,
				11E24C3BC3B749BB98FE0422 /* CDVViewController+SplashScreen.m */,
				88A4F9C8524A4914B2C02B59 /* CDVSplashScreen.h */,
				301ACC5AB2EC42D0B0D4D583 /* CDVViewController+SplashScreen.h */,
				7F788E85BCD5494DBF6689D6 /* CDVStatusBar.m */,
				B06FABB218C2430DADE336D8 /* CDVStatusBar.h */,
				08056D64683E46A893454247 /* CDVVibration.m */,
				1409382DE29241189CB8D561 /* CDVVibration.h */,
				1AA7B8FFFC0A4EF5BDF0D594 /* Toast+UIView.m */,
				7FB798FE72724AB181198E98 /* Toast.m */,
				BB0A3EEC746B40ECA1E55EE0 /* Toast+UIView.h */,
				37714C67CA304E2D97CEEA88 /* Toast.h */,
				54B5C0FFA57C4A5EB47F6153 /* CDVPluginExt.m */,
				A483DAA2722147D79387CAE3 /* PluginAdapterDelegate.h */,
				39470EBE19BC4EE3935E984D /* CDVPluginExt.h */,
				E6752B61DD064389963E59B6 /* GenericAdPlugin.h */,
				0D1DF4B8F54543CABC75A7F2 /* CDVAdMobPlugin.m */,
				3A4D3E7F09274ADBA4BB9F59 /* AdMobMediation.m */,
				81C6F0EE98A242DBAF7A61CE /* CDVAdMobPlugin.h */,
				724F930578604BC09E91706C /* AdMobMediation.h */,
			);
			name = Plugins;
			path = "CCCoM Church Portal/Plugins";
			sourceTree = SOURCE_ROOT;
		};
		EB87FDF11871DA420020F90C /* Staging */ = {
			isa = PBXGroup;
			children = (
				F840E1F0165FE0F500CFE078 /* config.xml */,
				301BF56E109A69640062928A /* www */,
			);
			name = Staging;
			sourceTree = "<group>";
		};
/* End PBXGroup section */

/* Begin PBXNativeTarget section */
		1D6058900D05DD3D006BFB54 /* CCCoM Church Portal */ = {
			isa = PBXNativeTarget;
			buildConfigurationList = 1D6058960D05DD3E006BFB54 /* Build configuration list for PBXNativeTarget "CCCoM Church Portal" */;
			buildPhases = (
				304B58A110DAC018002A0835 /* Copy www directory */,
				1D60588D0D05DD3D006BFB54 /* Resources */,
				1D60588E0D05DD3D006BFB54 /* Sources */,
				1D60588F0D05DD3D006BFB54 /* Frameworks */,
			);
			buildRules = (
			);
			dependencies = (
				301BF551109A68C00062928A /* PBXTargetDependency */,
			);
			name = "CCCoM Church Portal";
			productName = "CCCoM Church Portal";
			productReference = 1D6058910D05DD3D006BFB54 /* CCCoM Church Portal.app */;
			productType = "com.apple.product-type.application";
		};
/* End PBXNativeTarget section */

/* Begin PBXProject section */
		29B97313FDCFA39411CA2CEA /* Project object */ = {
			isa = PBXProject;
			attributes = {
				LastUpgradeCheck = 510;
			};
			buildConfigurationList = C01FCF4E08A954540054247B /* Build configuration list for PBXProject "__NON-CLI__" */;
			compatibilityVersion = "Xcode 3.2";
			developmentRegion = English;
			hasScannedForEncodings = 1;
			mainGroup = 29B97314FDCFA39411CA2CEA /* CustomTemplate */;
			projectDirPath = "";
			projectReferences = (
				{
					ProductGroup = 301BF52E109A57CC0062928A /* Products */;
					ProjectRef = 301BF52D109A57CC0062928A /* CordovaLib.xcodeproj */;
				},
			);
			projectRoot = "";
			targets = (
				1D6058900D05DD3D006BFB54 /* CCCoM Church Portal */,
			);
		};
/* End PBXProject section */

/* Begin PBXReferenceProxy section */
		301BF535109A57CC0062928A /* libCordova.a */ = {
			isa = PBXReferenceProxy;
			fileType = archive.ar;
			path = libCordova.a;
			remoteRef = 301BF534109A57CC0062928A /* PBXContainerItemProxy */;
			sourceTree = BUILT_PRODUCTS_DIR;
		};
/* End PBXReferenceProxy section */

/* Begin PBXResourcesBuildPhase section */
		1D60588D0D05DD3D006BFB54 /* Resources */ = {
			isa = PBXResourcesBuildPhase;
			buildActionMask = 2147483647;
			files = (
				302D95F214D2391D003F00A1 /* MainViewController.xib in Resources */,
				3047A5131AB8059700498E2A /* build-release.xcconfig in Resources */,
				3047A5141AB8059700498E2A /* build.xcconfig in Resources */,
				0207DA581B56EA530066E2B4 /* Images.xcassets in Resources */,
				3047A5121AB8059700498E2A /* build-debug.xcconfig in Resources */,
				05DEB3A37E8047CFB179B719 /* CDVNotification.bundle in Resources */,
				CDA8F4E531B04B3BB61153C9 /* CDVCapture.bundle in Resources */,
			);
			runOnlyForDeploymentPostprocessing = 0;
		};
/* End PBXResourcesBuildPhase section */

/* Begin PBXShellScriptBuildPhase section */
		304B58A110DAC018002A0835 /* Copy www directory */ = {
			isa = PBXShellScriptBuildPhase;
			buildActionMask = 2147483647;
			files = (
			);
			inputPaths = (
			);
			name = "Copy www directory";
			outputPaths = (
			);
			runOnlyForDeploymentPostprocessing = 0;
			shellPath = /bin/sh;
			shellScript = "NODEJS_PATH=/usr/local/bin; NVM_NODE_PATH=~/.nvm/versions/node/`nvm version 2>/dev/null`/bin; N_NODE_PATH=`find /usr/local/n/versions/node/* -maxdepth 0 -type d 2>/dev/null | tail -1`/bin; XCODE_NODE_PATH=`xcode-select --print-path`/usr/share/xcs/Node/bin; PATH=$NODEJS_PATH:$NVM_NODE_PATH:$N_NODE_PATH:$XCODE_NODE_PATH:$PATH && node cordova/lib/copy-www-build-step.js";
			showEnvVarsInLog = 0;
		};
/* End PBXShellScriptBuildPhase section */

/* Begin PBXSourcesBuildPhase section */
		1D60588E0D05DD3D006BFB54 /* Sources */ = {
			isa = PBXSourcesBuildPhase;
			buildActionMask = 2147483647;
			files = (
				1D60589B0D05DD56006BFB54 /* main.m in Sources */,
				1D3623260D0F684500981E51 /* AppDelegate.m in Sources */,
				302D95F114D2391D003F00A1 /* MainViewController.m in Sources */,
				4AEC3DD7866B40308D161157 /* CDVBattery.m in Sources */,
				6427B3CD829B4B429F427505 /* UIImage+CropScaleOrientation.m in Sources */,
				E50E262CBBCA4A1EB7DDFAC6 /* CDVCamera.m in Sources */,
				E967BC1E23AF4C8CBA77014E /* CDVJpegHeaderWriter.m in Sources */,
				E4707FC6F4354F96ADD8CB88 /* CDVLogger.m in Sources */,
				960E0319C1674CF98C34D2D4 /* CDVContacts.m in Sources */,
				5F49AF029E534587974AAFF5 /* CDVContact.m in Sources */,
				933F2B7BA4FE4EF68C40EA52 /* CDVDevice.m in Sources */,
				D25F7EAF1D73451D84D5CE79 /* CDVAccelerometer.m in Sources */,
				117E5B27C3294BF7918CA98F /* CDVCompass.m in Sources */,
				BF05E37D8CA04A33A505A718 /* CDVNotification.m in Sources */,
				B6E4FEADDC7C4F318C7CE465 /* CDVFile.m in Sources */,
				13C952FBD272425BA8A5D75B /* CDVLocalFilesystem.m in Sources */,
				2C94B9BE4F534D66A5C72AE5 /* CDVAssetLibraryFilesystem.m in Sources */,
				15D1FFA91B0844E392F95A36 /* CDVFileTransfer.m in Sources */,
				01581E63B40342C794207338 /* CDVLocation.m in Sources */,
				A03BE24C1B21498FA40728DD /* CDVGlobalization.m in Sources */,
				7567DBDF19D0463787CCA2EB /* CDVInAppBrowser.m in Sources */,
				406BBD3130BD410E89509A0E /* CDVSound.m in Sources */,
				AF9B917642C649479E0F2F07 /* CDVCapture.m in Sources */,
				6F59B45C08A5477A80CEA49A /* CDVConnection.m in Sources */,
				B8B0F3298E1E407FB597A5BA /* CDVReachability.m in Sources */,
				EBD0A226DC2548929717A689 /* CDVSplashScreen.m in Sources */,
				D735B2EA9D5848DEA6350524 /* CDVViewController+SplashScreen.m in Sources */,
				E420E7D646FF4B6CB62FD7C4 /* CDVStatusBar.m in Sources */,
				19C103A2154C49A0A4354841 /* CDVVibration.m in Sources */,
				8B5404DD01C44D799A44D4B5 /* Toast+UIView.m in Sources */,
				8807113138F04D5AB3130F12 /* Toast.m in Sources */,
				DA94519AF66C48A991E7FC2D /* CDVPluginExt.m in Sources */,
				4B29775A10B64E4492059B6B /* CDVAdMobPlugin.m in Sources */,
				236DE7B85EB74AF0969F5A45 /* AdMobMediation.m in Sources */,
			);
			runOnlyForDeploymentPostprocessing = 0;
		};
/* End PBXSourcesBuildPhase section */

/* Begin PBXTargetDependency section */
		301BF551109A68C00062928A /* PBXTargetDependency */ = {
			isa = PBXTargetDependency;
			name = CordovaLib;
			targetProxy = 301BF550109A68C00062928A /* PBXContainerItemProxy */;
		};
/* End PBXTargetDependency section */

/* Begin XCBuildConfiguration section */
		1D6058940D05DD3E006BFB54 /* Debug */ = {
			isa = XCBuildConfiguration;
			baseConfigurationReference = 3047A50F1AB8059700498E2A /* build-debug.xcconfig */;
			buildSettings = {
				ALWAYS_SEARCH_USER_PATHS = NO;
				ASSETCATALOG_COMPILER_APPICON_NAME = AppIcon;
				ASSETCATALOG_COMPILER_LAUNCHIMAGE_NAME = LaunchImage;
				CLANG_ENABLE_MODULES = YES;
				CLANG_ENABLE_OBJC_ARC = YES;
				COPY_PHASE_STRIP = NO;
				GCC_DYNAMIC_NO_PIC = NO;
				GCC_OPTIMIZATION_LEVEL = 0;
				GCC_PRECOMPILE_PREFIX_HEADER = YES;
				GCC_PREFIX_HEADER = "CCCoM Church Portal/CCCoM Church Portal-Prefix.pch";
				GCC_THUMB_SUPPORT = NO;
				GCC_VERSION = "";
				INFOPLIST_FILE = "CCCoM Church Portal/CCCoM Church Portal-Info.plist";
				LD_RUNPATH_SEARCH_PATHS = "@executable_path/Frameworks";
				PRODUCT_NAME = "CCCoM Church Portal";
				LIBRARY_SEARCH_PATHS = (
					"$(inherited)",
					"\"$(SRCROOT)/CCCoM Church Portal/Plugins/cordova-plugin-extension\"",
				);
				FRAMEWORK_SEARCH_PATHS = (
					"$(inherited)",
					"\"CCCoM Church Portal/Plugins/cordova-plugin-admobpro\"",
				);
			};
			name = Debug;
		};
		1D6058950D05DD3E006BFB54 /* Release */ = {
			isa = XCBuildConfiguration;
			baseConfigurationReference = 3047A5101AB8059700498E2A /* build-release.xcconfig */;
			buildSettings = {
				ALWAYS_SEARCH_USER_PATHS = NO;
				ASSETCATALOG_COMPILER_APPICON_NAME = AppIcon;
				ASSETCATALOG_COMPILER_LAUNCHIMAGE_NAME = LaunchImage;
				CLANG_ENABLE_MODULES = YES;
				CLANG_ENABLE_OBJC_ARC = YES;
				COPY_PHASE_STRIP = YES;
				GCC_PRECOMPILE_PREFIX_HEADER = YES;
				GCC_PREFIX_HEADER = "CCCoM Church Portal/CCCoM Church Portal-Prefix.pch";
				GCC_THUMB_SUPPORT = NO;
				GCC_VERSION = "";
				INFOPLIST_FILE = "CCCoM Church Portal/CCCoM Church Portal-Info.plist";
				PRODUCT_NAME = "CCCoM Church Portal";
				LIBRARY_SEARCH_PATHS = (
					"$(inherited)",
					"\"$(SRCROOT)/CCCoM Church Portal/Plugins/cordova-plugin-extension\"",
				);
				FRAMEWORK_SEARCH_PATHS = (
					"$(inherited)",
					"\"CCCoM Church Portal/Plugins/cordova-plugin-admobpro\"",
				);
			};
			name = Release;
		};
		C01FCF4F08A954540054247B /* Debug */ = {
			isa = XCBuildConfiguration;
			baseConfigurationReference = 3047A5111AB8059700498E2A /* build.xcconfig */;
			buildSettings = {
				CLANG_ENABLE_MODULES = YES;
				CLANG_ENABLE_OBJC_ARC = YES;
				CLANG_WARN_BOOL_CONVERSION = YES;
				CLANG_WARN_CONSTANT_CONVERSION = YES;
				CLANG_WARN_EMPTY_BODY = YES;
				CLANG_WARN_ENUM_CONVERSION = YES;
				CLANG_WARN_INT_CONVERSION = YES;
				CLANG_WARN__DUPLICATE_METHOD_MATCH = YES;
				GCC_C_LANGUAGE_STANDARD = c99;
				GCC_THUMB_SUPPORT = NO;
				GCC_VERSION = "";
				GCC_WARN_ABOUT_RETURN_TYPE = YES;
				GCC_WARN_UNDECLARED_SELECTOR = YES;
				GCC_WARN_UNINITIALIZED_AUTOS = YES;
				GCC_WARN_UNUSED_FUNCTION = YES;
				GCC_WARN_UNUSED_VARIABLE = YES;
				ONLY_ACTIVE_ARCH = YES;
				SDKROOT = iphoneos;
				SKIP_INSTALL = NO;
			};
			name = Debug;
		};
		C01FCF5008A954540054247B /* Release */ = {
			isa = XCBuildConfiguration;
			baseConfigurationReference = 3047A5111AB8059700498E2A /* build.xcconfig */;
			buildSettings = {
				CLANG_ENABLE_MODULES = YES;
				CLANG_ENABLE_OBJC_ARC = YES;
				CLANG_WARN_BOOL_CONVERSION = YES;
				CLANG_WARN_CONSTANT_CONVERSION = YES;
				CLANG_WARN_EMPTY_BODY = YES;
				CLANG_WARN_ENUM_CONVERSION = YES;
				CLANG_WARN_INT_CONVERSION = YES;
				CLANG_WARN__DUPLICATE_METHOD_MATCH = YES;
				GCC_C_LANGUAGE_STANDARD = c99;
				GCC_THUMB_SUPPORT = NO;
				GCC_VERSION = "";
				GCC_WARN_ABOUT_RETURN_TYPE = YES;
				GCC_WARN_UNDECLARED_SELECTOR = YES;
				GCC_WARN_UNINITIALIZED_AUTOS = YES;
				GCC_WARN_UNUSED_FUNCTION = YES;
				GCC_WARN_UNUSED_VARIABLE = YES;
				SDKROOT = iphoneos;
				SKIP_INSTALL = NO;
			};
			name = Release;
		};
/* End XCBuildConfiguration section */

/* Begin XCConfigurationList section */
		1D6058960D05DD3E006BFB54 /* Build configuration list for PBXNativeTarget "CCCoM Church Portal" */ = {
			isa = XCConfigurationList;
			buildConfigurations = (
				1D6058940D05DD3E006BFB54 /* Debug */,
				1D6058950D05DD3E006BFB54 /* Release */,
			);
			defaultConfigurationIsVisible = 0;
			defaultConfigurationName = Release;
		};
		C01FCF4E08A954540054247B /* Build configuration list for PBXProject "__NON-CLI__" */ = {
			isa = XCConfigurationList;
			buildConfigurations = (
				C01FCF4F08A954540054247B /* Debug */,
				C01FCF5008A954540054247B /* Release */,
			);
			defaultConfigurationIsVisible = 0;
			defaultConfigurationName = Release;
		};
/* End XCConfigurationList section */
	};
	rootObject = 29B97313FDCFA39411CA2CEA /* Project object */;
}
